
Microsoft Visual Studio Solution File, Format Version 12.00
# Visual Studio Version 17
VisualStudioVersion = 17.14.36518.9 d17.14
MinimumVisualStudioVersion = 10.0.40219.1
Project("{FAE04EC0-301F-11D3-BF4B-00C04F79EFBC}") = "ProxyTG_HTTP", "ProxyTG_HTTP\ProxyTG_HTTP.csproj", "{5A5189A1-4079-4525-A654-62C8FE632D67}"
EndProject
Global
	GlobalSection(SolutionConfigurationPlatforms) = preSolution
		Debug|Any CPU = Debug|Any CPU
		Release|Any CPU = Release|Any CPU
	EndGlobalSection
	GlobalSection(ProjectConfigurationPlatforms) = postSolution
		{5A5189A1-4079-4525-A654-62C8FE632D67}.Debug|Any CPU.ActiveCfg = Debug|Any CPU
		{5A5189A1-4079-4525-A654-62C8FE632D67}.Debug|Any CPU.Build.0 = Debug|Any CPU
		{5A5189A1-4079-4525-A654-62C8FE632D67}.Release|Any CPU.ActiveCfg = Release|Any CPU
		{5A5189A1-4079-4525-A654-62C8FE632D67}.Release|Any CPU.Build.0 = Release|Any CPU
	EndGlobalSection
	GlobalSection(SolutionProperties) = preSolution
		HideSolutionNode = FALSE
	EndGlobalSection
	GlobalSection(ExtensibilityGlobals) = postSolution
		SolutionGuid = {525492AD-D775-492B-8A7B-C2E0C0B4C838}
	EndGlobalSection
EndGlobal
